// !$*UTF8*$!
{
	archiveVersion = 1;
	classes = {
	};
	objectVersion = 50;
	objects = {

/* Begin PBXBuildFile section */
		DCA774B222E8A59A00E66AEA /* AppDelegate.swift in Sources */ = {isa = PBXBuildFile; fileRef = DCA774B122E8A59A00E66AEA /* AppDelegate.swift */; };
		DCA774B422E8A59A00E66AEA /* ViewController.swift in Sources */ = {isa = PBXBuildFile; fileRef = DCA774B322E8A59A00E66AEA /* ViewController.swift */; };
		DCA774B722E8A59A00E66AEA /* Main.storyboard in Resources */ = {isa = PBXBuildFile; fileRef = DCA774B522E8A59A00E66AEA /* Main.storyboard */; };
		DCA774B922E8A59B00E66AEA /* Assets.xcassets in Resources */ = {isa = PBXBuildFile; fileRef = DCA774B822E8A59B00E66AEA /* Assets.xcassets */; };
		DCA774BC22E8A59B00E66AEA /* LaunchScreen.storyboard in Resources */ = {isa = PBXBuildFile; fileRef = DCA774BA22E8A59B00E66AEA /* LaunchScreen.storyboard */; };
		DCA774C422E8AD0100E66AEA /* UITapGesture.swift in Sources */ = {isa = PBXBuildFile; fileRef = DCA774C322E8AD0100E66AEA /* UITapGesture.swift */; };
/* End PBXBuildFile section */

/* Begin PBXFileReference section */
		DCA774AE22E8A59A00E66AEA /* TapableLinksUILabel.app */ = {isa = PBXFileReference; explicitFileType = wrapper.application; includeInIndex = 0; path = TapableLinksUILabel.app; sourceTree = BUILT_PRODUCTS_DIR; };
		DCA774B122E8A59A00E66AEA /* AppDelegate.swift */ = {isa = PBXFileReference; lastKnownFileType = sourcecode.swift; path = AppDelegate.swift; sourceTree = "<group>"; };
		DCA774B322E8A59A00E66AEA /* ViewController.swift */ = {isa = PBXFileReference; lastKnownFileType = sourcecode.swift; path = ViewController.swift; sourceTree = "<group>"; };
		DCA774B622E8A59A00E66AEA /* Base */ = {isa = PBXFileReference; lastKnownFileType = file.storyboard; name = Base; path = Base.lproj/Main.storyboard; sourceTree = "<group>"; };
		DCA774B822E8A59B00E66AEA /* Assets.xcassets */ = {isa = PBXFileReference; lastKnownFileType = folder.assetcatalog; path = Assets.xcassets; sourceTree = "<group>"; };
		DCA774BB22E8A59B00E66AEA /* Base */ = {isa = PBXFileReference; lastKnownFileType = file.storyboard; name = Base; path = Base.lproj/LaunchScreen.storyboard; sourceTree = "<group>"; };
		DCA774BD22E8A59B00E66AEA /* Info.plist */ = {isa = PBXFileReference; lastKnownFileType = text.plist.xml; path = Info.plist; sourceTree = "<group>"; };
		DCA774C322E8AD0100E66AEA /* UITapGesture.swift */ = {isa = PBXFileReference; fileEncoding = 4; lastKnownFileType = sourcecode.swift; path = UITapGesture.swift; sourceTree = "<group>"; };
/* End PBXFileReference section */

/* Begin PBXFrameworksBuildPhase section */
		DCA774AB22E8A59A00E66AEA /* Frameworks */ = {
			isa = PBXFrameworksBuildPhase;
			buildActionMask = 2147483647;
			files = (
			);
			runOnlyForDeploymentPostprocessing = 0;
		};
/* End PBXFrameworksBuildPhase section */

/* Begin PBXGroup section */
		DCA774A522E8A59A00E66AEA = {
			isa = PBXGroup;
			children = (
				DCA774B022E8A59A00E66AEA /* TapableLinksUILabel */,
				DCA774AF22E8A59A00E66AEA /* Products */,
			);
			sourceTree = "<group>";
		};
		DCA774AF22E8A59A00E66AEA /* Products */ = {
			isa = PBXGroup;
			children = (
				DCA774AE22E8A59A00E66AEA /* TapableLinksUILabel.app */,
			);
			name = Products;
			sourceTree = "<group>";
		};
		DCA774B022E8A59A00E66AEA /* TapableLinksUILabel */ = {
			isa = PBXGroup;
			children = (
				DCA774C322E8AD0100E66AEA /* UITapGesture.swift */,
				DCA774B122E8A59A00E66AEA /* AppDelegate.swift */,
				DCA774B322E8A59A00E66AEA /* ViewController.swift */,
				DCA774B522E8A59A00E66AEA /* Main.storyboard */,
				DCA774B822E8A59B00E66AEA /* Assets.xcassets */,
				DCA774BA22E8A59B00E66AEA /* LaunchScreen.storyboard */,
				DCA774BD22E8A59B00E66AEA /* Info.plist */,
			);
			path = TapableLinksUILabel;
			sourceTree = "<group>";
		};
/* End PBXGroup section */

/* Begin PBXNativeTarget section */
		DCA774AD22E8A59A00E66AEA /* TapableLinksUILabel */ = {
			isa = PBXNativeTarget;
			buildConfigurationList = DCA774C022E8A59B00E66AEA /* Build configuration list for PBXNativeTarget "TapableLinksUILabel" */;
			buildPhases = (
				DCA774AA22E8A59A00E66AEA /* Sources */,
				DCA774AB22E8A59A00E66AEA /* Frameworks */,
				DCA774AC22E8A59A00E66AEA /* Resources */,
			);
			buildRules = (
			);
			dependencies = (
			);
			name = TapableLinksUILabel;
			productName = TapableLinksUILabel;
			productReference = DCA774AE22E8A59A00E66AEA /* TapableLinksUILabel.app */;
			productType = "com.apple.product-type.application";
		};
/* End PBXNativeTarget section */

/* Begin PBXProject section */
		DCA774A622E8A59A00E66AEA /* Project object */ = {
			isa = PBXProject;
			attributes = {
				LastSwiftUpdateCheck = 1020;
				LastUpgradeCheck = 1020;
				ORGANIZATIONNAME = "Aman Aggarwal";
				TargetAttributes = {
					DCA774AD22E8A59A00E66AEA = {
						CreatedOnToolsVersion = 10.2;
					};
				};
			};
			buildConfigurationList = DCA774A922E8A59A00E66AEA /* Build configuration list for PBXProject "TapableLinksUILabel" */;
			compatibilityVersion = "Xcode 9.3";
			developmentRegion = en;
			hasScannedForEncodings = 0;
			knownRegions = (
				en,
				Base,
			);
			mainGroup = DCA774A522E8A59A00E66AEA;
			productRefGroup = DCA774AF22E8A59A00E66AEA /* Products */;
			projectDirPath = "";
			projectRoot = "";
			targets = (
				DCA774AD22E8A59A00E66AEA /* TapableLinksUILabel */,
			);
		};
/* End PBXProject section */

/* Begin PBXResourcesBuildPhase section */
		DCA774AC22E8A59A00E66AEA /* Resources */ = {
			isa = PBXResourcesBuildPhase;
			buildActionMask = 2147483647;
			files = (
				DCA774BC22E8A59B00E66AEA /* LaunchScreen.storyboard in Resources */,
				DCA774B922E8A59B00E66AEA /* Assets.xcassets in Resources */,
				DCA774B722E8A59A00E66AEA /* Main.storyboard in Resources */,
			);
			runOnlyForDeploymentPostprocessing = 0;
		};
/* End PBXResourcesBuildPhase section */

/* Begin PBXSourcesBuildPhase section */
		DCA774AA22E8A59A00E66AEA /* Sources */ = {
			isa = PBXSourcesBuildPhase;
			buildActionMask = 2147483647;
			files = (
				DCA774B422E8A59A00E66AEA /* ViewController.swift in Sources */,
				DCA774B222E8A59A00E66AEA /* AppDelegate.swift in Sources */,
				DCA774C422E8AD0100E66AEA /* UITapGesture.swift in Sources */,
			);
			runOnlyForDeploymentPostprocessing = 0;
		};
/* End PBXSourcesBuildPhase section */

/* Begin PBXVariantGroup section */
		DCA774B522E8A59A00E66AEA /* Main.storyboard */ = {
			isa = PBXVariantGroup;
			children = (
				DCA774B622E8A59A00E66AEA /* Base */,
			);
			name = Main.storyboard;
			sourceTree = "<group>";
		};
		DCA774BA22E8A59B00E66AEA /* LaunchScreen.storyboard */ = {
			isa = PBXVariantGroup;
			children = (
				DCA774BB22E8A59B00E66AEA /* Base */,
			);
			name = LaunchScreen.storyboard;
			sourceTree = "<group>";
		};
/* End PBXVariantGroup section */

/* Begin XCBuildConfiguration section */
		DCA774BE22E8A59B00E66AEA /* Debug */ = {
			isa = XCBuildConfiguration;
			buildSettings = {
				ALWAYS_SEARCH_USER_PATHS = NO;
				CLANG_ANALYZER_NONNULL = YES;
				CLANG_ANALYZER_NUMBER_OBJECT_CONVERSION = YES_AGGRESSIVE;
				CLANG_CXX_LANGUAGE_STANDARD = "gnu++14";
				CLANG_CXX_LIBRARY = "libc++";
				CLANG_ENABLE_MODULES = YES;
				CLANG_ENABLE_OBJC_ARC = YES;
				CLANG_ENABLE_OBJC_WEAK = YES;
				CLANG_WARN_BLOCK_CAPTURE_AUTORELEASING = YES;
				CLANG_WARN_BOOL_CONVERSION = YES;
				CLANG_WARN_COMMA = YES;
				CLANG_WARN_CONSTANT_CONVERSION = YES;
				CLANG_WARN_DEPRECATED_OBJC_IMPLEMENTATIONS = YES;
				CLANG_WARN_DIRECT_OBJC_ISA_USAGE = YES_ERROR;
				CLANG_WARN_DOCUMENTATION_COMMENTS = YES;
				CLANG_WARN_EMPTY_BODY = YES;
				CLANG_WARN_ENUM_CONVERSION = YES;
				CLANG_WARN_INFINITE_RECURSION = YES;
				CLANG_WARN_INT_CONVERSION = YES;
				CLANG_WARN_NON_LITERAL_NULL_CONVERSION = YES;
				CLANG_WARN_OBJC_IMPLICIT_RETAIN_SELF = YES;
				CLANG_WARN_OBJC_LITERAL_CONVERSION = YES;
				CLANG_WARN_OBJC_ROOT_CLASS = YES_ERROR;
				CLANG_WARN_RANGE_LOOP_ANALYSIS = YES;
				CLANG_WARN_STRICT_PROTOTYPES = YES;
				CLANG_WARN_SUSPICIOUS_MOVE = YES;
				CLANG_WARN_UNGUARDED_AVAILABILITY = YES_AGGRESSIVE;
				CLANG_WARN_UNREACHABLE_CODE = YES;
				CLANG_WARN__DUPLICATE_METHOD_MATCH = YES;
				CODE_SIGN_IDENTITY = "iPhone Developer";
				COPY_PHASE_STRIP = NO;
				DEBUG_INFORMATION_FORMAT = dwarf;
				ENABLE_STRICT_OBJC_MSGSEND = YES;
				ENABLE_TESTABILITY = YES;
				GCC_C_LANGUAGE_STANDARD = gnu11;
				GCC_DYNAMIC_NO_PIC = NO;
				GCC_NO_COMMON_BLOCKS = YES;
				GCC_OPTIMIZATION_LEVEL = 0;
				GCC_PREPROCESSOR_DEFINITIONS = (
					"DEBUG=1",
					"$(inherited)",
				);
				GCC_WARN_64_TO_32_BIT_CONVERSION = YES;
				GCC_WARN_ABOUT_RETURN_TYPE = YES_ERROR;
				GCC_WARN_UNDECLARED_SELECTOR = YES;
				GCC_WARN_UNINITIALIZED_AUTOS = YES_AGGRESSIVE;
				GCC_WARN_UNUSED_FUNCTION = YES;
				GCC_WARN_UNUSED_VARIABLE = YES;
				IPHONEOS_DEPLOYMENT_TARGET = 12.2;
				MTL_ENABLE_DEBUG_INFO = INCLUDE_SOURCE;
				MTL_FAST_MATH = YES;
				ONLY_ACTIVE_ARCH = YES;
				SDKROOT = iphoneos;
				SWIFT_ACTIVE_COMPILATION_CONDITIONS = DEBUG;
				SWIFT_OPTIMIZATION_LEVEL = "-Onone";
			};
			name = Debug;
		};
		DCA774BF22E8A59B00E66AEA /* Release */ = {
			isa = XCBuildConfiguration;
			buildSettings = {
				ALWAYS_SEARCH_USER_PATHS = NO;
				CLANG_ANALYZER_NONNULL = YES;
				CLANG_ANALYZER_NUMBER_OBJECT_CONVERSION = YES_AGGRESSIVE;
				CLANG_CXX_LANGUAGE_STANDARD = "gnu++14";
				CLANG_CXX_LIBRARY = "libc++";
				CLANG_ENABLE_MODULES = YES;
				CLANG_ENABLE_OBJC_ARC = YES;
				CLANG_ENABLE_OBJC_WEAK = YES;
				CLANG_WARN_BLOCK_CAPTURE_AUTORELEASING = YES;
				CLANG_WARN_BOOL_CONVERSION = YES;
				CLANG_WARN_COMMA = YES;
				CLANG_WARN_CONSTANT_CONVERSION = YES;
				CLANG_WARN_DEPRECATED_OBJC_IMPLEMENTATIONS = YES;
				CLANG_WARN_DIRECT_OBJC_ISA_USAGE = YES_ERROR;
				CLANG_WARN_DOCUMENTATION_COMMENTS = YES;
				CLANG_WARN_EMPTY_BODY = YES;
				CLANG_WARN_ENUM_CONVERSION = YES;
				CLANG_WARN_INFINITE_RECURSION = YES;
				CLANG_WARN_INT_CONVERSION = YES;
				CLANG_WARN_NON_LITERAL_NULL_CONVERSION = YES;
				CLANG_WARN_OBJC_IMPLICIT_RETAIN_SELF = YES;
				CLANG_WARN_OBJC_LITERAL_CONVERSION = YES;
				CLANG_WARN_OBJC_ROOT_CLASS = YES_ERROR;
				CLANG_WARN_RANGE_LOOP_ANALYSIS = YES;
				CLANG_WARN_STRICT_PROTOTYPES = YES;
				CLANG_WARN_SUSPICIOUS_MOVE = YES;
				CLANG_WARN_UNGUARDED_AVAILABILITY = YES_AGGRESSIVE;
				CLANG_WARN_UNREACHABLE_CODE = YES;
				CLANG_WARN__DUPLICATE_METHOD_MATCH = YES;
				CODE_SIGN_IDENTITY = "iPhone Developer";
				COPY_PHASE_STRIP = NO;
				DEBUG_INFORMATION_FORMAT = "dwarf-with-dsym";
				ENABLE_NS_ASSERTIONS = NO;
				ENABLE_STRICT_OBJC_MSGSEND = YES;
				GCC_C_LANGUAGE_STANDARD = gnu11;
				GCC_NO_COMMON_BLOCKS = YES;
				GCC_WARN_64_TO_32_BIT_CONVERSION = YES;
				GCC_WARN_ABOUT_RETURN_TYPE = YES_ERROR;
				GCC_WARN_UNDECLARED_SELECTOR = YES;
				GCC_WARN_UNINITIALIZED_AUTOS = YES_AGGRESSIVE;
				GCC_WARN_UNUSED_FUNCTION = YES;
				GCC_WARN_UNUSED_VARIABLE = YES;
				IPHONEOS_DEPLOYMENT_TARGET = 12.2;
				MTL_ENABLE_DEBUG_INFO = NO;
				MTL_FAST_MATH = YES;
				SDKROOT = iphoneos;
				SWIFT_COMPILATION_MODE = wholemodule;
				SWIFT_OPTIMIZATION_LEVEL = "-O";
				VALIDATE_PRODUCT = YES;
			};
			name = Release;
		};
		DCA774C122E8A59B00E66AEA /* Debug */ = {
			isa = XCBuildConfiguration;
			buildSettings = {
				ASSETCATALOG_COMPILER_APPICON_NAME = AppIcon;
				CODE_SIGN_STYLE = Manual;
				DEVELOPMENT_TEAM = "";
				INFOPLIST_FILE = TapableLinksUILabel/Info.plist;
				LD_RUNPATH_SEARCH_PATHS = (
					"$(inherited)",
					"@executable_path/Frameworks",
				);
				PRODUCT_BUNDLE_IDENTIFIER = com.iostutorialjunction.TapableLinksUILabel;
				PRODUCT_NAME = "$(TARGET_NAME)";
				PROVISIONING_PROFILE_SPECIFIER = "";
				SWIFT_VERSION = 5.0;
				TARGETED_DEVICE_FAMILY = "1,2";
			};
			name = Debug;
		};
		DCA774C222E8A59B00E66AEA /* Release */ = {
			isa = XCBuildConfiguration;
			buildSettings = {
				ASSETCATALOG_COMPILER_APPICON_NAME = AppIcon;
				CODE_SIGN_STYLE = Manual;
				DEVELOPMENT_TEAM = "";
				INFOPLIST_FILE = TapableLinksUILabel/Info.plist;
				LD_RUNPATH_SEARCH_PATHS = (
					"$(inherited)",
					"@executable_path/Frameworks",
				);
				PRODUCT_BUNDLE_IDENTIFIER = com.iostutorialjunction.TapableLinksUILabel;
				PRODUCT_NAME = "$(TARGET_NAME)";
				PROVISIONING_PROFILE_SPECIFIER = "";
				SWIFT_VERSION = 5.0;
				TARGETED_DEVICE_FAMILY = "1,2";
			};
			name = Release;
		};
/* End XCBuildConfiguration section */

/* Begin XCConfigurationList section */
		DCA774A922E8A59A00E66AEA /* Build configuration list for PBXProject "TapableLinksUILabel" */ = {
			isa = XCConfigurationList;
			buildConfigurations = (
				DCA774BE22E8A59B00E66AEA /* Debug */,
				DCA774BF22E8A59B00E66AEA /* Release */,
			);
			defaultConfigurationIsVisible = 0;
			defaultConfigurationName = Release;
		};
		DCA774C022E8A59B00E66AEA /* Build configuration list for PBXNativeTarget "TapableLinksUILabel" */ = {
			isa = XCConfigurationList;
			buildConfigurations = (
				DCA774C122E8A59B00E66AEA /* Debug */,
				DCA774C222E8A59B00E66AEA /* Release */,
			);
			defaultConfigurationIsVisible = 0;
			defaultConfigurationName = Release;
		};
/* End XCConfigurationList section */
	};
	rootObject = DCA774A622E8A59A00E66AEA /* Project object */;
}
